# THIS IS AN AUTOGENERATED FILE. DO NOT EDIT THIS FILE DIRECTLY.
# yarn lockfile v1


"@pixi/accessibility@5.3.8":
  version "5.3.8"
  resolved "https://registry.yarnpkg.com/@pixi/accessibility/-/accessibility-5.3.8.tgz#c80a5a0849b82dc97b52bbe8e65ebef61ec8a6ff"
  integrity sha512-DBkUUPIDfaw1hXFLTOsmZ401JSyu286rS2UB79ClxvVtDfGI7pR+Hgq1PuNeoQSiO9Db32W4grvuxYTulO2jkQ==
  dependencies:
    "@pixi/core" "5.3.8"
    "@pixi/display" "5.3.8"
    "@pixi/utils" "5.3.8"

"@pixi/app@5.3.8":
  version "5.3.8"
  resolved "https://registry.yarnpkg.com/@pixi/app/-/app-5.3.8.tgz#e13d36fa5fc2b1e052a81ce67f053a0bec8504f3"
  integrity sha512-eekP/tIPlERZOiWOCVKgOCc66JoAHDP7yT9DBw2LtCKswvP83iwN0PX5YR/u6Z05kUW5y8t4bigfLqEqc4uChw==
  dependencies:
    "@pixi/core" "5.3.8"
    "@pixi/display" "5.3.8"

"@pixi/constants@5.3.8":
  version "5.3.8"
  resolved "https://registry.yarnpkg.com/@pixi/constants/-/constants-5.3.8.tgz#3777b268feab6a5636bb8508fbbaad41c0b30874"
  integrity sha512-vTkgBgiox2pLj2ZK/X37O6rFjsLic6CYa+rSCCMo8lCwipG/dgizYoAVIsmZy30tFgg1xYzI6qOw3MSVXupp8Q==

"@pixi/core@5.3.8":
  version "5.3.8"
  resolved "https://registry.yarnpkg.com/@pixi/core/-/core-5.3.8.tgz#28e6348b5f99aa2cfc9483796219dd379a858b36"
  integrity sha512-mbl7//UbNaIZJbS8R8g5o6cHAMW7xaJWW/dNazSJ9057Fpq5g3e3E2rreNTEILfC29cxm2sXDmgK5a9agoqJaA==
  dependencies:
    "@pixi/constants" "5.3.8"
    "@pixi/math" "5.3.8"
    "@pixi/runner" "5.3.8"
    "@pixi/settings" "5.3.8"
    "@pixi/ticker" "5.3.8"
    "@pixi/utils" "5.3.8"

"@pixi/display@5.3.8":
  version "5.3.8"
  resolved "https://registry.yarnpkg.com/@pixi/display/-/display-5.3.8.tgz#4a351f834af249a02928a9fbee61b31edb9c977c"
  integrity sha512-ch7g63ox3iow/NEGbrArLfUMJVLVF+FpdFAp72uEweIzlcyzOQV6AcQTHtiRy4+tM6LdlcLSJXJISqGKt2R0Dg==
  dependencies:
    "@pixi/math" "5.3.8"
    "@pixi/settings" "5.3.8"
    "@pixi/utils" "5.3.8"

"@pixi/extract@5.3.8":
  version "5.3.8"
  resolved "https://registry.yarnpkg.com/@pixi/extract/-/extract-5.3.8.tgz#851a8b346993b920f46a9b3c67611464e7aa7d28"
  integrity sha512-z09D+5qmGQilbBXhR3xlZCixkTb6+1bSo6jGsbQxpu3xaF0ogh1HB76SJ2Wi1vwba9Q/PMb6RlawdEAg+sRFMg==
  dependencies:
    "@pixi/core" "5.3.8"
    "@pixi/math" "5.3.8"
    "@pixi/utils" "5.3.8"

"@pixi/filter-alpha@5.3.8":
  version "5.3.8"
  resolved "https://registry.yarnpkg.com/@pixi/filter-alpha/-/filter-alpha-5.3.8.tgz#2a2d878071833e8e781af4cf136bbce822ba2a57"
  integrity sha512-4vOmuWDLBiMbdQ2S3PmxzrzpPOrlzZVZ8iPEkQrBCYZ4dIuZY7NaV+9tneIK66dDfVI6OA8Ai304LH22nhC81Q==
  dependencies:
    "@pixi/core" "5.3.8"

"@pixi/filter-blur@5.3.8":
  version "5.3.8"
  resolved "https://registry.yarnpkg.com/@pixi/filter-blur/-/filter-blur-5.3.8.tgz#1a1c573f98f6d8e1d3cde5ef980f296a7a052e23"
  integrity sha512-biNqbfFIDbvOJJ+NiE9G0XojnuMQqtbcaDIiOScRoY3o3yCMjjcUxUMYrZ4xnTGGtEH23OKGUTZVf53qTQ4wiw==
  dependencies:
    "@pixi/core" "5.3.8"
    "@pixi/settings" "5.3.8"

"@pixi/filter-color-matrix@5.3.8":
  version "5.3.8"
  resolved "https://registry.yarnpkg.com/@pixi/filter-color-matrix/-/filter-color-matrix-5.3.8.tgz#24d254587159cf4cb46386df4c89bb9d0686163c"
  integrity sha512-0Ag08uPKVoHWQSAIhS27Bs/b50NVMZ+3fUdNg9jgyrRthD/Uc2ljfkIJRa95Mj31YJBS15Giu4BGfefpe1i3zw==
  dependencies:
    "@pixi/core" "5.3.8"

"@pixi/filter-displacement@5.3.8":
  version "5.3.8"
  resolved "https://registry.yarnpkg.com/@pixi/filter-displacement/-/filter-displacement-5.3.8.tgz#d184ab5a637382b4473462e2f4a21d8ef9f67861"
  integrity sha512-OQYBK3oOId8VZV7KRYYdt196EYsG0cjAmQQT7P3/IETLIP6Mba+Bd/GtyxGEIBHcb7R5DebuvN4sVQtNgkRKlw==
  dependencies:
    "@pixi/core" "5.3.8"
    "@pixi/math" "5.3.8"

"@pixi/filter-fxaa@5.3.8":
  version "5.3.8"
  resolved "https://registry.yarnpkg.com/@pixi/filter-fxaa/-/filter-fxaa-5.3.8.tgz#dbf954b9cb999aa60ecfe254062a178afd1fbd79"
  integrity sha512-eOfrp46AEjkAM1U+6k9Ga/5ezEwr1+7yGS3VijZBHntZTYKFhmGGOXrQxxL4KuslrfTV/smAflEr22U+A2H98A==
  dependencies:
    "@pixi/core" "5.3.8"

"@pixi/filter-noise@5.3.8":
  version "5.3.8"
  resolved "https://registry.yarnpkg.com/@pixi/filter-noise/-/filter-noise-5.3.8.tgz#1a927ba9ba3ce73434a939543571579d82e3c569"
  integrity sha512-+MOz3GpB9XpH7d0B/HAz8zOp164UMKnE64Q9QI094X4KjXWj24RKZea8xFcOaOy9xKi57qqyo+3pLwqFB8ffsw==
  dependencies:
    "@pixi/core" "5.3.8"

"@pixi/graphics@5.3.8":
  version "5.3.8"
  resolved "https://registry.yarnpkg.com/@pixi/graphics/-/graphics-5.3.8.tgz#7cf8b6f9fc7c5b503dc0dec2f6650803a8f89ded"
  integrity sha512-auqwS6ZnDlNoerddLCoMpEzgq0o09WHH7XxwfTK75hJwBaFX1RO/nasfvCx2wAtWZxAYCaABfR8WnWZfrsBSqA==
  dependencies:
    "@pixi/constants" "5.3.8"
    "@pixi/core" "5.3.8"
    "@pixi/display" "5.3.8"
    "@pixi/math" "5.3.8"
    "@pixi/sprite" "5.3.8"
    "@pixi/utils" "5.3.8"

"@pixi/interaction@5.3.8":
  version "5.3.8"
  resolved "https://registry.yarnpkg.com/@pixi/interaction/-/interaction-5.3.8.tgz#12fd73162326fbb4fbc35ad76a2cb343981846cb"
  integrity sha512-i9KS9TNVK/PEwyjZH2iqui9xroy0R48u/QL4Q8+VQpwbeDlz+WlPWoW5R7rpUwtHd9H6mLWpGR3sdWOmS7fMsA==
  dependencies:
    "@pixi/core" "5.3.8"
    "@pixi/display" "5.3.8"
    "@pixi/math" "5.3.8"
    "@pixi/ticker" "5.3.8"
    "@pixi/utils" "5.3.8"

"@pixi/loaders@5.3.8":
  version "5.3.8"
  resolved "https://registry.yarnpkg.com/@pixi/loaders/-/loaders-5.3.8.tgz#78a53a137972dc78d66891f602fd2e80bdddc93a"
  integrity sha512-0M2e/gkBBqJW695wz9DcsYN7IY992FKqb9uOEhFFjCn2bkK9WsR6M/JBvTlTk4LOvEg81b1/J51bkucpXWx1Cg==
  dependencies:
    "@pixi/core" "5.3.8"
    "@pixi/utils" "5.3.8"
    resource-loader "^3.0.1"

"@pixi/math@5.3.8":
  version "5.3.8"
  resolved "https://registry.yarnpkg.com/@pixi/math/-/math-5.3.8.tgz#fe9081709806e20ee778e04cf4f5e281062d9f74"
  integrity sha512-MZekzC9W391KU2NyzbRHrgYfjPKguzU5cRLbaEw9dgDabLh3/Yzob1KVg8dngIITPbi5yBmoX7zh7ZHEA1NRPQ==

"@pixi/mesh-extras@5.3.8":
  version "5.3.8"
  resolved "https://registry.yarnpkg.com/@pixi/mesh-extras/-/mesh-extras-5.3.8.tgz#d040044aab1951cebfc67bc7b94caf62b8de6405"
  integrity sha512-+lHcmvslKsmlixiJW87/t5diRy7p+tvqQbXMG4/3Vzv3dBEGq453hMIknlLr2xLGyzBtboCHObzwKfeE4tvHTw==
  dependencies:
    "@pixi/constants" "5.3.8"
    "@pixi/core" "5.3.8"
    "@pixi/math" "5.3.8"
    "@pixi/mesh" "5.3.8"
    "@pixi/utils" "5.3.8"

"@pixi/mesh@5.3.8":
  version "5.3.8"
  resolved "https://registry.yarnpkg.com/@pixi/mesh/-/mesh-5.3.8.tgz#e5a6ef1f0beadd948c143de4370c6fd5bd5e2430"
  integrity sha512-/CQdTypiLgSZqKx9z89cJlLQ8/FaUrc8M3HjmL8Vy5F320ERCR1YLDc6gOzyohK71wDxkUud5VbNz5woQVSBxw==
  dependencies:
    "@pixi/constants" "5.3.8"
    "@pixi/core" "5.3.8"
    "@pixi/display" "5.3.8"
    "@pixi/math" "5.3.8"
    "@pixi/settings" "5.3.8"
    "@pixi/utils" "5.3.8"

"@pixi/mixin-cache-as-bitmap@5.3.8":
  version "5.3.8"
  resolved "https://registry.yarnpkg.com/@pixi/mixin-cache-as-bitmap/-/mixin-cache-as-bitmap-5.3.8.tgz#f614e4007f2ab1ad557b0e1949280118cca245a9"
  integrity sha512-Y4z3yvMldRUU99I+FBOl+j+TCq7CXN2ysNED/vMD2YpfilS2/8dQcAqRNEOBXCdSixd6+QHBuc0+PWR6M7irKg==
  dependencies:
    "@pixi/core" "5.3.8"
    "@pixi/display" "5.3.8"
    "@pixi/math" "5.3.8"
    "@pixi/settings" "5.3.8"
    "@pixi/sprite" "5.3.8"
    "@pixi/utils" "5.3.8"

"@pixi/mixin-get-child-by-name@5.3.8":
  version "5.3.8"
  resolved "https://registry.yarnpkg.com/@pixi/mixin-get-child-by-name/-/mixin-get-child-by-name-5.3.8.tgz#f487942d2ab8a64f7a4b5adce2a6e390970a4f75"
  integrity sha512-6Z4C2SucwC1w2xa260VxU+uIkP8FhwnZWDfY0rxyxecWxvkM7ULsIU9szoUYUJvLJnpxRi4Xb6rXNPxXyzis9Q==
  dependencies:
    "@pixi/display" "5.3.8"

"@pixi/mixin-get-global-position@5.3.8":
  version "5.3.8"
  resolved "https://registry.yarnpkg.com/@pixi/mixin-get-global-position/-/mixin-get-global-position-5.3.8.tgz#ac927fcec19913b48c2aee2db53d185e4b572a64"
  integrity sha512-o2ZKmTxDvoibGBZ8LP3qJZ3cHe7L447qsuHPPLYOPmA5hqG49YchwmKMwV6tn96C8yDECaVn429Hu5hZEI7UlA==
  dependencies:
    "@pixi/display" "5.3.8"
    "@pixi/math" "5.3.8"

"@pixi/particles@5.3.8":
  version "5.3.8"
  resolved "https://registry.yarnpkg.com/@pixi/particles/-/particles-5.3.8.tgz#6ca5f9c8ea58be91fdddfd76ef1a6e37ea3add72"
  integrity sha512-XAehJJ9SsLwlZF1Qkkir0ejPZ0YgCg8MbxzmrxBUbhH1NyHJLFm+K2S7Bp12FdR/hZwTENF7GMGVRH+o86u3hw==
  dependencies:
    "@pixi/constants" "5.3.8"
    "@pixi/core" "5.3.8"
    "@pixi/display" "5.3.8"
    "@pixi/math" "5.3.8"
    "@pixi/utils" "5.3.8"

"@pixi/polyfill@5.3.8":
  version "5.3.8"
  resolved "https://registry.yarnpkg.com/@pixi/polyfill/-/polyfill-5.3.8.tgz#425433c95f91615136e456fe8448b230a3fcc8cc"
  integrity sha512-AIXfAjYD7dfP2C+TX3482YterwGE876amqmk6EzMZCI3vvsvDJUGT/Dx6lSOU5zbcUbJ9t3Ybz81xQYpaEhv/Q==
  dependencies:
    es6-promise-polyfill "^1.2.0"
    object-assign "^4.1.1"

"@pixi/prepare@5.3.8":
  version "5.3.8"
  resolved "https://registry.yarnpkg.com/@pixi/prepare/-/prepare-5.3.8.tgz#451183c43611c06adc10afaa28d8e54aa67b19ee"
  integrity sha512-DbYxQdziypsdQJaRKwdmODkIy2mQHETEFlVWou0XwVy+WB8VBlSnHZ57cVEY8l6Z0hJ93Vo4K6j5qIRi9MRjJA==
  dependencies:
    "@pixi/core" "5.3.8"
    "@pixi/display" "5.3.8"
    "@pixi/graphics" "5.3.8"
    "@pixi/settings" "5.3.8"
    "@pixi/text" "5.3.8"
    "@pixi/ticker" "5.3.8"

"@pixi/runner@5.3.8":
  version "5.3.8"
  resolved "https://registry.yarnpkg.com/@pixi/runner/-/runner-5.3.8.tgz#6d6d36c2d573f490d7ed68dae9ddcc3063b5be77"
  integrity sha512-6Y9v9OHd5FFv6s0M4AGHnG3qvLiTBM5T5RnlEqMNMsqH6CWSDq0mNJA5HQD65q5ViK8HM6MYPm2nwwkYq5AICQ==

"@pixi/settings@5.3.8":
  version "5.3.8"
  resolved "https://registry.yarnpkg.com/@pixi/settings/-/settings-5.3.8.tgz#58275eae1ced5dc47c76f9cd22e33bbf71f1cd0e"
  integrity sha512-/NSd9v6+IbG3GjzIoNwy7rgPg6kwwWy54pcaiM3Wv3zjkwhkVySK4m3h892Wa2z5lFvrHEH9zewGJwEpUH/FMA==
  dependencies:
    ismobilejs "^1.1.0"

"@pixi/sprite-animated@5.3.8":
  version "5.3.8"
  resolved "https://registry.yarnpkg.com/@pixi/sprite-animated/-/sprite-animated-5.3.8.tgz#e6588f28320d7cb10d97cb186d63ff7e3da55bd3"
  integrity sha512-zLnzmCJJ++Hyyy1LPh5Lt4icPuy8C+vL59yVj3nAYzqq/G26rFuHELexB0iwKBPE9yQYuaUQhFgOPgW4vFqLAw==
  dependencies:
    "@pixi/core" "5.3.8"
    "@pixi/sprite" "5.3.8"
    "@pixi/ticker" "5.3.8"

"@pixi/sprite-tiling@5.3.8":
  version "5.3.8"
  resolved "https://registry.yarnpkg.com/@pixi/sprite-tiling/-/sprite-tiling-5.3.8.tgz#08f35ce57be2c2b8e294a6eb3830cb279b94c243"
  integrity sha512-SvCAvajihsaNx/xX4s6waEqPLVkI5W86h31kpoqdPj3zXhoLbpZh6t2TWbcRJmgjM1GvBNy14gWtelBq8UF7Mg==
  dependencies:
    "@pixi/constants" "5.3.8"
    "@pixi/core" "5.3.8"
    "@pixi/display" "5.3.8"
    "@pixi/math" "5.3.8"
    "@pixi/sprite" "5.3.8"
    "@pixi/utils" "5.3.8"

"@pixi/sprite@5.3.8":
  version "5.3.8"
  resolved "https://registry.yarnpkg.com/@pixi/sprite/-/sprite-5.3.8.tgz#6cfb06f6c27555d9043b0422f48a641f6794ce24"
  integrity sha512-r+WeX5cti3VKu6U+hZeSiY4UC8912FjNU7M5bA/gev9CfUKv3fNwKYshPfzOkTPua8dFwI1U6tplYu5rSPMBmw==
  dependencies:
    "@pixi/constants" "5.3.8"
    "@pixi/core" "5.3.8"
    "@pixi/display" "5.3.8"
    "@pixi/math" "5.3.8"
    "@pixi/settings" "5.3.8"
    "@pixi/utils" "5.3.8"

"@pixi/spritesheet@5.3.8":
  version "5.3.8"
  resolved "https://registry.yarnpkg.com/@pixi/spritesheet/-/spritesheet-5.3.8.tgz#66b22c5342e394a51f844d872191bee6e8c81c9f"
  integrity sha512-KqTsW2LViI1UjZTycfI0x3m+yZqV8zfIm/CiDAmtujUPAu8sU78jzByc8ke7FaFC6waDsfAKTKu4fBqSu7aH1w==
  dependencies:
    "@pixi/core" "5.3.8"
    "@pixi/loaders" "5.3.8"
    "@pixi/math" "5.3.8"
    "@pixi/utils" "5.3.8"

"@pixi/text-bitmap@5.3.8":
  version "5.3.8"
  resolved "https://registry.yarnpkg.com/@pixi/text-bitmap/-/text-bitmap-5.3.8.tgz#7b991bb28b6879478e9a031ffc15164efd79f0f7"
  integrity sha512-jJVAc/y7Mo/DLw8n14A1AFmhQe8rw5d+vCg/1k4hw0Oru4l2QU/8AA940kPeuky4Sj0hMLf9UWAS6A3gOo5ZTA==
  dependencies:
    "@pixi/core" "5.3.8"
    "@pixi/display" "5.3.8"
    "@pixi/loaders" "5.3.8"
    "@pixi/math" "5.3.8"
    "@pixi/mesh" "5.3.8"
    "@pixi/settings" "5.3.8"
    "@pixi/text" "5.3.8"
    "@pixi/utils" "5.3.8"

"@pixi/text@5.3.8":
  version "5.3.8"
  resolved "https://registry.yarnpkg.com/@pixi/text/-/text-5.3.8.tgz#4cee2526fe25798f4ea4d1f7a6e89485e5ddc588"
  integrity sha512-qarv4kXSrtroJy5dbmF0Vld7L8teeQxsV5N1g1Fjhi4uUCb43ioR9euBHIjju33kOLDYYXXw6L78XIe/cW6nIw==
  dependencies:
    "@pixi/core" "5.3.8"
    "@pixi/math" "5.3.8"
    "@pixi/settings" "5.3.8"
    "@pixi/sprite" "5.3.8"
    "@pixi/utils" "5.3.8"

"@pixi/ticker@5.3.8":
  version "5.3.8"
  resolved "https://registry.yarnpkg.com/@pixi/ticker/-/ticker-5.3.8.tgz#dc4be5db117a15c72f9e99076b674e09a9d7ecbd"
  integrity sha512-WoVi8btR0X2/fXJgt/oRy2gm32ECnibqUkxl0MOcLuxg7cHDZKFA5PwNK/eIx5hZZ2xM/ztoPtEohWV6LqLryw==
  dependencies:
    "@pixi/settings" "5.3.8"

"@pixi/utils@5.3.8":
  version "5.3.8"
  resolved "https://registry.yarnpkg.com/@pixi/utils/-/utils-5.3.8.tgz#ea4d55e59362270b74d9d80d3cd2a3ec9d2da708"
  integrity sha512-LljIFFOFcXLyLzXqIYwcXUqz6NsAUbwxb7Som9Gm3i1usGIqPRX4R08Iaf4L6OKA7417gSrRmbYdT0Hje/0ikA==
  dependencies:
    "@pixi/constants" "5.3.8"
    "@pixi/settings" "5.3.8"
    earcut "^2.1.5"
    eventemitter3 "^3.1.0"
    url "^0.11.0"

array-union@^1.0.1:
  version "1.0.2"
  resolved "https://registry.yarnpkg.com/array-union/-/array-union-1.0.2.tgz#9a34410e4f4e3da23dea375be5be70f24778ec39"
  dependencies:
    array-uniq "^1.0.1"

array-uniq@^1.0.1:
  version "1.0.3"
  resolved "https://registry.yarnpkg.com/array-uniq/-/array-uniq-1.0.3.tgz#af6ac877a25cc7f74e058894753858dfdb24fdb6"

arrify@^1.0.0:
  version "1.0.1"
  resolved "https://registry.yarnpkg.com/arrify/-/arrify-1.0.1.tgz#898508da2226f380df904728456849c1501a4b0d"

balanced-match@^1.0.0:
  version "1.0.0"
  resolved "https://registry.yarnpkg.com/balanced-match/-/balanced-match-1.0.0.tgz#89b4d199ab2bee49de164ea02b89ce462d71b767"

brace-expansion@^1.1.7:
  version "1.1.11"
  resolved "https://registry.yarnpkg.com/brace-expansion/-/brace-expansion-1.1.11.tgz#3c7fcbf529d87226f3d2f52b966ff5271eb441dd"
  dependencies:
    balanced-match "^1.0.0"
    concat-map "0.0.1"

concat-map@0.0.1:
  version "0.0.1"
  resolved "https://registry.yarnpkg.com/concat-map/-/concat-map-0.0.1.tgz#d8a96bd77fd68df7793a73036a3ba0d5405d477b"

del@^2.2.0:
  version "2.2.2"
  resolved "https://registry.yarnpkg.com/del/-/del-2.2.2.tgz#c12c981d067846c84bcaf862cff930d907ffd1a8"
  integrity sha1-wSyYHQZ4RshLyvhiz/kw2Qf/0ag=
  dependencies:
    globby "^5.0.0"
    is-path-cwd "^1.0.0"
    is-path-in-cwd "^1.0.0"
    object-assign "^4.0.1"
    pify "^2.0.0"
    pinkie-promise "^2.0.0"
    rimraf "^2.2.8"

earcut@^2.1.5:
  version "2.2.2"
  resolved "https://registry.yarnpkg.com/earcut/-/earcut-2.2.2.tgz#41b0bc35f63e0fe80da7cddff28511e7e2e80d11"
  integrity sha512-eZoZPPJcUHnfRZ0PjLvx2qBordSiO8ofC3vt+qACLM95u+4DovnbYNpQtJh0DNsWj8RnxrQytD4WA8gj5cRIaQ==

es6-promise-polyfill@^1.2.0:
  version "1.2.0"
  resolved "https://registry.yarnpkg.com/es6-promise-polyfill/-/es6-promise-polyfill-1.2.0.tgz#f38925f23cb3e3e8ce6cda8ff774fcebbb090cde"
  integrity sha1-84kl8jyz4+jObNqP93T867sJDN4=

eventemitter3@^3.1.0:
  version "3.1.2"
  resolved "https://registry.yarnpkg.com/eventemitter3/-/eventemitter3-3.1.2.tgz#2d3d48f9c346698fce83a85d7d664e98535df6e7"
  integrity sha512-tvtQIeLVHjDkJYnzf2dgVMxfuSGJeM/7UCG17TT4EumTfNtF+0nebF/4zWOIkCreAbtNqhGEboB6BWrwqNaw4Q==

fs.realpath@^1.0.0:
  version "1.0.0"
  resolved "https://registry.yarnpkg.com/fs.realpath/-/fs.realpath-1.0.0.tgz#1504ad2523158caa40db4a2787cb01411994ea4f"

glob@^7.0.3, glob@^7.0.5:
  version "7.1.2"
  resolved "https://registry.yarnpkg.com/glob/-/glob-7.1.2.tgz#c19c9df9a028702d678612384a6552404c636d15"
  dependencies:
    fs.realpath "^1.0.0"
    inflight "^1.0.4"
    inherits "2"
    minimatch "^3.0.4"
    once "^1.3.0"
    path-is-absolute "^1.0.0"

glob@^7.1.3:
  version "7.1.6"
  resolved "https://registry.yarnpkg.com/glob/-/glob-7.1.6.tgz#141f33b81a7c2492e125594307480c46679278a6"
  integrity sha512-LwaxwyZ72Lk7vZINtNNrywX0ZuLyStrdDtabefZKAY5ZGJhVtgdznluResxNmPitE0SAO+O26sWTHeKSI2wMBA==
  dependencies:
    fs.realpath "^1.0.0"
    inflight "^1.0.4"
    inherits "2"
    minimatch "^3.0.4"
    once "^1.3.0"
    path-is-absolute "^1.0.0"

globby@^5.0.0:
  version "5.0.0"
  resolved "https://registry.yarnpkg.com/globby/-/globby-5.0.0.tgz#ebd84667ca0dbb330b99bcfc68eac2bc54370e0d"
  dependencies:
    array-union "^1.0.1"
    arrify "^1.0.0"
    glob "^7.0.3"
    object-assign "^4.0.1"
    pify "^2.0.0"
    pinkie-promise "^2.0.0"

inflight@^1.0.4:
  version "1.0.6"
  resolved "https://registry.yarnpkg.com/inflight/-/inflight-1.0.6.tgz#49bd6331d7d02d0c09bc910a1075ba8165b56df9"
  dependencies:
    once "^1.3.0"
    wrappy "1"

inherits@2:
  version "2.0.3"
  resolved "https://registry.yarnpkg.com/inherits/-/inherits-2.0.3.tgz#633c2c83e3da42a502f52466022480f4208261de"

is-path-cwd@^1.0.0:
  version "1.0.0"
  resolved "https://registry.yarnpkg.com/is-path-cwd/-/is-path-cwd-1.0.0.tgz#d225ec23132e89edd38fda767472e62e65f1106d"

is-path-in-cwd@^1.0.0:
  version "1.0.0"
  resolved "https://registry.yarnpkg.com/is-path-in-cwd/-/is-path-in-cwd-1.0.0.tgz#6477582b8214d602346094567003be8a9eac04dc"
  dependencies:
    is-path-inside "^1.0.0"

is-path-inside@^1.0.0:
  version "1.0.1"
  resolved "https://registry.yarnpkg.com/is-path-inside/-/is-path-inside-1.0.1.tgz#8ef5b7de50437a3fdca6b4e865ef7aa55cb48036"
  dependencies:
    path-is-inside "^1.0.1"

ismobilejs@^1.1.0:
  version "1.1.1"
  resolved "https://registry.yarnpkg.com/ismobilejs/-/ismobilejs-1.1.1.tgz#c56ca0ae8e52b24ca0f22ba5ef3215a2ddbbaa0e"
  integrity sha512-VaFW53yt8QO61k2WJui0dHf4SlL8lxBofUuUmwBo0ljPk0Drz2TiuDW4jo3wDcv41qy/SxrJ+VAzJ/qYqsmzRw==

mini-signals@^1.2.0:
  version "1.2.0"
  resolved "https://registry.yarnpkg.com/mini-signals/-/mini-signals-1.2.0.tgz#45b08013c5fae51a24aa1a935cd317c9ed721d74"
  integrity sha1-RbCAE8X65RokqhqTXNMXye1yHXQ=

minimatch@^3.0.4:
  version "3.0.4"
  resolved "https://registry.yarnpkg.com/minimatch/-/minimatch-3.0.4.tgz#5166e286457f03306064be5497e8dbb0c3d32083"
  dependencies:
    brace-expansion "^1.1.7"

minimist@0.0.8:
  version "0.0.8"
  resolved "https://registry.yarnpkg.com/minimist/-/minimist-0.0.8.tgz#857fcabfc3397d2625b8228262e86aa7a011b05d"

mkdirp@^0.5.1:
  version "0.5.1"
  resolved "https://registry.yarnpkg.com/mkdirp/-/mkdirp-0.5.1.tgz#30057438eac6cf7f8c4767f38648d6697d75c903"
  dependencies:
    minimist "0.0.8"

object-assign@^4.0.1, object-assign@^4.1.1:
  version "4.1.1"
  resolved "https://registry.yarnpkg.com/object-assign/-/object-assign-4.1.1.tgz#2109adc7965887cfc05cbbd442cac8bfbb360863"

once@^1.3.0:
  version "1.4.0"
  resolved "https://registry.yarnpkg.com/once/-/once-1.4.0.tgz#583b1aa775961d4b113ac17d9c50baef9dd76bd1"
  dependencies:
    wrappy "1"

os-tmpdir@~1.0.2:
  version "1.0.2"
  resolved "https://registry.yarnpkg.com/os-tmpdir/-/os-tmpdir-1.0.2.tgz#bbe67406c79aa85c5cfec766fe5734555dfa1274"

parallelshell@^2.0.0:
  version "2.0.0"
  resolved "https://registry.yarnpkg.com/parallelshell/-/parallelshell-2.0.0.tgz#c94af5d6348526a26da9020faeb5fc724a80600c"
  integrity sha1-yUr11jSFJqJtqQIPrrX8ckqAYAw=

parse-uri@^1.0.0:
  version "1.0.3"
  resolved "https://registry.yarnpkg.com/parse-uri/-/parse-uri-1.0.3.tgz#f3c24a74907a4e357c1741e96ca9faadecfd6db5"
  integrity sha512-upMnGxNcm+45So85HoguwZTVZI9u11i36DdxJfGF2HYWS2eh3TIx7+/tTi7qrEq15qzGkVhsKjesau+kCk48pA==

path-is-absolute@^1.0.0:
  version "1.0.1"
  resolved "https://registry.yarnpkg.com/path-is-absolute/-/path-is-absolute-1.0.1.tgz#174b9268735534ffbc7ace6bf53a5a9e1b5c5f5f"

path-is-inside@^1.0.1:
  version "1.0.2"
  resolved "https://registry.yarnpkg.com/path-is-inside/-/path-is-inside-1.0.2.tgz#365417dede44430d1c11af61027facf074bdfc53"

pify@^2.0.0:
  version "2.3.0"
  resolved "https://registry.yarnpkg.com/pify/-/pify-2.3.0.tgz#ed141a6ac043a849ea588498e7dca8b15330e90c"

pinkie-promise@^2.0.0:
  version "2.0.1"
  resolved "https://registry.yarnpkg.com/pinkie-promise/-/pinkie-promise-2.0.1.tgz#2135d6dfa7a358c069ac9b178776288228450ffa"
  dependencies:
    pinkie "^2.0.0"

pinkie@^2.0.0:
  version "2.0.4"
  resolved "https://registry.yarnpkg.com/pinkie/-/pinkie-2.0.4.tgz#72556b80cfa0d48a974e80e77248e80ed4f7f870"

"pixi.js@I:\\gitReposForks\\pixi.js_new\\bundles\\pixi.js":
  version "5.3.8"
  dependencies:
    "@pixi/accessibility" "5.3.8"
    "@pixi/app" "5.3.8"
    "@pixi/constants" "5.3.8"
    "@pixi/core" "5.3.8"
    "@pixi/display" "5.3.8"
    "@pixi/extract" "5.3.8"
    "@pixi/filter-alpha" "5.3.8"
    "@pixi/filter-blur" "5.3.8"
    "@pixi/filter-color-matrix" "5.3.8"
    "@pixi/filter-displacement" "5.3.8"
    "@pixi/filter-fxaa" "5.3.8"
    "@pixi/filter-noise" "5.3.8"
    "@pixi/graphics" "5.3.8"
    "@pixi/interaction" "5.3.8"
    "@pixi/loaders" "5.3.8"
    "@pixi/math" "5.3.8"
    "@pixi/mesh" "5.3.8"
    "@pixi/mesh-extras" "5.3.8"
    "@pixi/mixin-cache-as-bitmap" "5.3.8"
    "@pixi/mixin-get-child-by-name" "5.3.8"
    "@pixi/mixin-get-global-position" "5.3.8"
    "@pixi/particles" "5.3.8"
    "@pixi/polyfill" "5.3.8"
    "@pixi/prepare" "5.3.8"
    "@pixi/runner" "5.3.8"
    "@pixi/settings" "5.3.8"
    "@pixi/sprite" "5.3.8"
    "@pixi/sprite-animated" "5.3.8"
    "@pixi/sprite-tiling" "5.3.8"
    "@pixi/spritesheet" "5.3.8"
    "@pixi/text" "5.3.8"
    "@pixi/text-bitmap" "5.3.8"
    "@pixi/ticker" "5.3.8"
    "@pixi/utils" "5.3.8"

punycode@1.3.2:
  version "1.3.2"
  resolved "https://registry.yarnpkg.com/punycode/-/punycode-1.3.2.tgz#9653a036fb7c1ee42342f2325cceefea3926c48d"
  integrity sha1-llOgNvt8HuQjQvIyXM7v6jkmxI0=

querystring@0.2.0:
  version "0.2.0"
  resolved "https://registry.yarnpkg.com/querystring/-/querystring-0.2.0.tgz#b209849203bb25df820da756e747005878521620"
  integrity sha1-sgmEkgO7Jd+CDadW50cAWHhSFiA=

resource-loader@^3.0.1:
  version "3.0.1"
  resolved "https://registry.yarnpkg.com/resource-loader/-/resource-loader-3.0.1.tgz#33355bb5421e2994f59454bbc7f6dbff8df06d47"
  integrity sha512-fBuCRbEHdLCI1eglzQhUv9Rrdcmqkydr1r6uHE2cYHvRBrcLXeSmbE/qI/urFt8rPr/IGxir3BUwM5kUK8XoyA==
  dependencies:
    mini-signals "^1.2.0"
    parse-uri "^1.0.0"

rimraf@^2.2.8:
  version "2.6.2"
  resolved "https://registry.yarnpkg.com/rimraf/-/rimraf-2.6.2.tgz#2ed8150d24a16ea8651e6d6ef0f47c4158ce7a36"
  dependencies:
    glob "^7.0.5"

rimraf@^2.5.3:
  version "2.7.1"
  resolved "https://registry.yarnpkg.com/rimraf/-/rimraf-2.7.1.tgz#35797f13a7fdadc566142c29d4f07ccad483e3ec"
  integrity sha512-uWjbaKIK3T1OSVptzX7Nl6PvQ3qAGtKEtVRjRuazjfL3Bx5eI409VZSqgND+4UNnmzLVdPj9FqFJNPqBZFve4w==
  dependencies:
    glob "^7.1.3"

tmp@^0.0.33:
  version "0.0.33"
  resolved "https://registry.yarnpkg.com/tmp/-/tmp-0.0.33.tgz#6d34335889768d21b2bcda0aa277ced3b1bfadf9"
  integrity sha512-jRCJlojKnZ3addtTOjdIqoRuPEKBvNXcGYqzO6zWZX8KfKEpnGY5jfggJQ3EjKuu8D4bJRr0y+cYJFmYbImXGw==
  dependencies:
    os-tmpdir "~1.0.2"

typescript@^3.6.3:
  version "3.9.9"
  resolved "https://registry.yarnpkg.com/typescript/-/typescript-3.9.9.tgz#e69905c54bc0681d0518bd4d587cc6f2d0b1a674"
  integrity sha512-kdMjTiekY+z/ubJCATUPlRDl39vXYiMV9iyeMuEuXZh2we6zz80uovNN2WlAxmmdE/Z/YQe+EbOEXB5RHEED3w==

url@^0.11.0:
  version "0.11.0"
  resolved "https://registry.yarnpkg.com/url/-/url-0.11.0.tgz#3838e97cfc60521eb73c525a8e55bfdd9e2e28f1"
  integrity sha1-ODjpfPxgUh63PFJajlW/3Z4uKPE=
  dependencies:
    punycode "1.3.2"
    querystring "0.2.0"

wrappy@1:
  version "1.0.2"
  resolved "https://registry.yarnpkg.com/wrappy/-/wrappy-1.0.2.tgz#b5243d8f3ec1aa35f1364605bc0d1036e30ab69f"
